
Microsoft Visual Studio Solution File, Format Version 12.00
# Visual Studio 15
VisualStudioVersion = 15.0.26228.9
MinimumVisualStudioVersion = 10.0.40219.1
Project("{2150E333-8FDC-42A3-9474-1A3956D46DE8}") = "UI", "UI", "{CB5DBB3D-6CAF-48CE-8539-8892168B456A}"
EndProject
Project("{FAE04EC0-301F-11D3-BF4B-00C04F79EFBC}") = "GameGround.Api", "GameGround.Api\GameGround.Api.csproj", "{5B16C054-D211-4ED2-AAA4-A1FFCA235429}"
EndProject
Project("{2150E333-8FDC-42A3-9474-1A3956D46DE8}") = "Shared", "Shared", "{E75E8903-5240-4FE8-8FD4-9BC4503FE550}"
EndProject
Project("{FAE04EC0-301F-11D3-BF4B-00C04F79EFBC}") = "Utility", "Utility\Utility.csproj", "{DB98892C-1C9D-49C0-9DF8-A4E187429D2C}"
EndProject
Project("{2150E333-8FDC-42A3-9474-1A3956D46DE8}") = "Infrastructure", "Infrastructure", "{7694C73F-552D-40A9-A2E0-A36C9BEC7E1F}"
EndProject
Project("{2150E333-8FDC-42A3-9474-1A3956D46DE8}") = "Tests", "Tests", "{81F72BE6-AE1A-4A0D-A2D1-0A69D8B2DAB3}"
EndProject
Project("{FAE04EC0-301F-11D3-BF4B-00C04F79EFBC}") = "GameGround.Infrastructure", "GameGround.Infrastructure\GameGround.Infrastructure.csproj", "{4EFC95D6-7EC0-42C1-996C-F71FED51B240}"
EndProject
Project("{FAE04EC0-301F-11D3-BF4B-00C04F79EFBC}") = "GameGround.Core", "GameGround.Core\GameGround.Core.csproj", "{95F77C94-5192-47F8-B4B9-2CA49318A00B}"
EndProject
Project("{FAE04EC0-301F-11D3-BF4B-00C04F79EFBC}") = "GameGround.Tests", "GameGround.Tests\GameGround.Tests.csproj", "{28247163-219F-4367-8763-24AA5A58174D}"
EndProject
Global
	GlobalSection(SolutionConfigurationPlatforms) = preSolution
		Debug|Any CPU = Debug|Any CPU
		Release|Any CPU = Release|Any CPU
	EndGlobalSection
	GlobalSection(ProjectConfigurationPlatforms) = postSolution
		{5B16C054-D211-4ED2-AAA4-A1FFCA235429}.Debug|Any CPU.ActiveCfg = Debug|Any CPU
		{5B16C054-D211-4ED2-AAA4-A1FFCA235429}.Debug|Any CPU.Build.0 = Debug|Any CPU
		{5B16C054-D211-4ED2-AAA4-A1FFCA235429}.Release|Any CPU.ActiveCfg = Release|Any CPU
		{5B16C054-D211-4ED2-AAA4-A1FFCA235429}.Release|Any CPU.Build.0 = Release|Any CPU
		{DB98892C-1C9D-49C0-9DF8-A4E187429D2C}.Debug|Any CPU.ActiveCfg = Debug|Any CPU
		{DB98892C-1C9D-49C0-9DF8-A4E187429D2C}.Debug|Any CPU.Build.0 = Debug|Any CPU
		{DB98892C-1C9D-49C0-9DF8-A4E187429D2C}.Release|Any CPU.ActiveCfg = Release|Any CPU
		{DB98892C-1C9D-49C0-9DF8-A4E187429D2C}.Release|Any CPU.Build.0 = Release|Any CPU
		{4EFC95D6-7EC0-42C1-996C-F71FED51B240}.Debug|Any CPU.ActiveCfg = Debug|Any CPU
		{4EFC95D6-7EC0-42C1-996C-F71FED51B240}.Debug|Any CPU.Build.0 = Debug|Any CPU
		{4EFC95D6-7EC0-42C1-996C-F71FED51B240}.Release|Any CPU.ActiveCfg = Release|Any CPU
		{4EFC95D6-7EC0-42C1-996C-F71FED51B240}.Release|Any CPU.Build.0 = Release|Any CPU
		{95F77C94-5192-47F8-B4B9-2CA49318A00B}.Debug|Any CPU.ActiveCfg = Debug|Any CPU
		{95F77C94-5192-47F8-B4B9-2CA49318A00B}.Debug|Any CPU.Build.0 = Debug|Any CPU
		{95F77C94-5192-47F8-B4B9-2CA49318A00B}.Release|Any CPU.ActiveCfg = Release|Any CPU
		{95F77C94-5192-47F8-B4B9-2CA49318A00B}.Release|Any CPU.Build.0 = Release|Any CPU
		{28247163-219F-4367-8763-24AA5A58174D}.Debug|Any CPU.ActiveCfg = Debug|Any CPU
		{28247163-219F-4367-8763-24AA5A58174D}.Debug|Any CPU.Build.0 = Debug|Any CPU
		{28247163-219F-4367-8763-24AA5A58174D}.Release|Any CPU.ActiveCfg = Release|Any CPU
		{28247163-219F-4367-8763-24AA5A58174D}.Release|Any CPU.Build.0 = Release|Any CPU
	EndGlobalSection
	GlobalSection(SolutionProperties) = preSolution
		HideSolutionNode = FALSE
	EndGlobalSection
	GlobalSection(NestedProjects) = preSolution
		{5B16C054-D211-4ED2-AAA4-A1FFCA235429} = {CB5DBB3D-6CAF-48CE-8539-8892168B456A}
		{DB98892C-1C9D-49C0-9DF8-A4E187429D2C} = {E75E8903-5240-4FE8-8FD4-9BC4503FE550}
		{4EFC95D6-7EC0-42C1-996C-F71FED51B240} = {7694C73F-552D-40A9-A2E0-A36C9BEC7E1F}
		{95F77C94-5192-47F8-B4B9-2CA49318A00B} = {7694C73F-552D-40A9-A2E0-A36C9BEC7E1F}
		{28247163-219F-4367-8763-24AA5A58174D} = {81F72BE6-AE1A-4A0D-A2D1-0A69D8B2DAB3}
	EndGlobalSection
EndGlobal
